
Microsoft Visual Studio Solution File, Format Version 12.00
# Visual Studio Version 17
VisualStudioVersion = 17.5.33516.290
MinimumVisualStudioVersion = 10.0.40219.1
Project("{888888A0-9F3D-457C-B088-3A5042F75D52}") = "perlin_noise", "perlin_noise\perlin_noise.pyproj", "{13B8586C-4656-4CD2-BE75-C479EADC6936}"
EndProject
Global
	GlobalSection(SolutionConfigurationPlatforms) = preSolution
		Debug|Any CPU = Debug|Any CPU
		Release|Any CPU = Release|Any CPU
	EndGlobalSection
	GlobalSection(ProjectConfigurationPlatforms) = postSolution
		{13B8586C-4656-4CD2-BE75-C479EADC6936}.Debug|Any CPU.ActiveCfg = Debug|Any CPU
		{13B8586C-4656-4CD2-BE75-C479EADC6936}.Release|Any CPU.ActiveCfg = Release|Any CPU
	EndGlobalSection
	GlobalSection(SolutionProperties) = preSolution
		HideSolutionNode = FALSE
	EndGlobalSection
	GlobalSection(ExtensibilityGlobals) = postSolution
		SolutionGuid = {62273918-184B-46B1-A5FF-F7DC097DC766}
	EndGlobalSection
EndGlobal
